
Microsoft Visual Studio Solution File, Format Version 12.00
# Visual Studio Version 17
VisualStudioVersion = 17.4.33110.190
MinimumVisualStudioVersion = 10.0.40219.1
Project("{8BC9CEB8-8B4A-11D0-8D11-00A0C91BC942}") = "calculadora_modular", "calculadora_modular.vcxproj", "{B4BFD112-6A68-44D6-8F7E-D8C6FF4638BE}"
EndProject
Global
	GlobalSection(SolutionConfigurationPlatforms) = preSolution
		Debug|x64 = Debug|x64
		Debug|x86 = Debug|x86
		Release|x64 = Release|x64
		Release|x86 = Release|x86
	EndGlobalSection
	GlobalSection(ProjectConfigurationPlatforms) = postSolution
		{B4BFD112-6A68-44D6-8F7E-D8C6FF4638BE}.Debug|x64.ActiveCfg = Debug|x64
		{B4BFD112-6A68-44D6-8F7E-D8C6FF4638BE}.Debug|x64.Build.0 = Debug|x64
		{B4BFD112-6A68-44D6-8F7E-D8C6FF4638BE}.Debug|x86.ActiveCfg = Debug|Win32
		{B4BFD112-6A68-44D6-8F7E-D8C6FF4638BE}.Debug|x86.Build.0 = Debug|Win32
		{B4BFD112-6A68-44D6-8F7E-D8C6FF4638BE}.Release|x64.ActiveCfg = Release|x64
		{B4BFD112-6A68-44D6-8F7E-D8C6FF4638BE}.Release|x64.Build.0 = Release|x64
		{B4BFD112-6A68-44D6-8F7E-D8C6FF4638BE}.Release|x86.ActiveCfg = Release|Win32
		{B4BFD112-6A68-44D6-8F7E-D8C6FF4638BE}.Release|x86.Build.0 = Release|Win32
	EndGlobalSection
	GlobalSection(SolutionProperties) = preSolution
		HideSolutionNode = FALSE
	EndGlobalSection
	GlobalSection(ExtensibilityGlobals) = postSolution
		SolutionGuid = {891544E0-1FD0-4038-8F6A-4C587F36692A}
	EndGlobalSection
EndGlobal
